lockfileVersion: '6.1'

settings:
  autoInstallPeers: true
  excludeLinksFromLockfile: false

dependencies:
  '@types/musickit-js':
    specifier: ^1.0.5
    version: 1.0.5

packages:

  /@types/musickit-js@1.0.5:
    resolution: {integrity: sha512-S78psg+wt+vhMACaQrA6qXAQl8pWQwY/hpK8LJQR4l62Kkm3UhTcMeV9juILZLnzOEB4CyPyUiwx+X4Q1iAvQQ==}
    dev: false
